
Microsoft Visual Studio Solution File, Format Version 12.00
# Visual Studio Version 17
VisualStudioVersion = 17.14.36301.6 d17.14
MinimumVisualStudioVersion = 10.0.40219.1
Project("{FAE04EC0-301F-11D3-BF4B-00C04F79EFBC}") = "uppgift 5", "uppgift 5\uppgift 5.csproj", "{45E83A04-401F-4578-95BE-3935B94488B3}"
EndProject
Global
	GlobalSection(SolutionConfigurationPlatforms) = preSolution
		Debug|Any CPU = Debug|Any CPU
		Release|Any CPU = Release|Any CPU
	EndGlobalSection
	GlobalSection(ProjectConfigurationPlatforms) = postSolution
		{45E83A04-401F-4578-95BE-3935B94488B3}.Debug|Any CPU.ActiveCfg = Debug|Any CPU
		{45E83A04-401F-4578-95BE-3935B94488B3}.Debug|Any CPU.Build.0 = Debug|Any CPU
		{45E83A04-401F-4578-95BE-3935B94488B3}.Release|Any CPU.ActiveCfg = Release|Any CPU
		{45E83A04-401F-4578-95BE-3935B94488B3}.Release|Any CPU.Build.0 = Release|Any CPU
	EndGlobalSection
	GlobalSection(SolutionProperties) = preSolution
		HideSolutionNode = FALSE
	EndGlobalSection
	GlobalSection(ExtensibilityGlobals) = postSolution
		SolutionGuid = {E780805E-AEB0-4A0F-B312-E48AF5ABA3B1}
	EndGlobalSection
EndGlobal
