
Microsoft Visual Studio Solution File, Format Version 12.00
# Visual Studio Version 17
VisualStudioVersion = 17.14.36408.4 d17.14
MinimumVisualStudioVersion = 10.0.40219.1
Project("{FAE04EC0-301F-11D3-BF4B-00C04F79EFBC}") = "Uppgift 11", "Uppgift 11\Uppgift 11.csproj", "{61287573-7255-4142-9468-8B75D9425344}"
EndProject
Global
	GlobalSection(SolutionConfigurationPlatforms) = preSolution
		Debug|Any CPU = Debug|Any CPU
		Release|Any CPU = Release|Any CPU
	EndGlobalSection
	GlobalSection(ProjectConfigurationPlatforms) = postSolution
		{61287573-7255-4142-9468-8B75D9425344}.Debug|Any CPU.ActiveCfg = Debug|Any CPU
		{61287573-7255-4142-9468-8B75D9425344}.Debug|Any CPU.Build.0 = Debug|Any CPU
		{61287573-7255-4142-9468-8B75D9425344}.Release|Any CPU.ActiveCfg = Release|Any CPU
		{61287573-7255-4142-9468-8B75D9425344}.Release|Any CPU.Build.0 = Release|Any CPU
	EndGlobalSection
	GlobalSection(SolutionProperties) = preSolution
		HideSolutionNode = FALSE
	EndGlobalSection
	GlobalSection(ExtensibilityGlobals) = postSolution
		SolutionGuid = {435A3195-575F-46A3-9A90-30F668BD6D03}
	EndGlobalSection
EndGlobal
