
Microsoft Visual Studio Solution File, Format Version 12.00
# Visual Studio Version 17
VisualStudioVersion = 17.14.36301.6 d17.14
MinimumVisualStudioVersion = 10.0.40219.1
Project("{FAE04EC0-301F-11D3-BF4B-00C04F79EFBC}") = "Uppgift 10", "Uppgift 10\Uppgift 10.csproj", "{F36B6976-702F-4D7E-B493-2120993A47BD}"
EndProject
Global
	GlobalSection(SolutionConfigurationPlatforms) = preSolution
		Debug|Any CPU = Debug|Any CPU
		Release|Any CPU = Release|Any CPU
	EndGlobalSection
	GlobalSection(ProjectConfigurationPlatforms) = postSolution
		{F36B6976-702F-4D7E-B493-2120993A47BD}.Debug|Any CPU.ActiveCfg = Debug|Any CPU
		{F36B6976-702F-4D7E-B493-2120993A47BD}.Debug|Any CPU.Build.0 = Debug|Any CPU
		{F36B6976-702F-4D7E-B493-2120993A47BD}.Release|Any CPU.ActiveCfg = Release|Any CPU
		{F36B6976-702F-4D7E-B493-2120993A47BD}.Release|Any CPU.Build.0 = Release|Any CPU
	EndGlobalSection
	GlobalSection(SolutionProperties) = preSolution
		HideSolutionNode = FALSE
	EndGlobalSection
	GlobalSection(ExtensibilityGlobals) = postSolution
		SolutionGuid = {ECC54594-F8D3-4829-81F5-45134EB07762}
	EndGlobalSection
EndGlobal
