
Microsoft Visual Studio Solution File, Format Version 12.00
# Visual Studio Version 17
VisualStudioVersion = 17.14.36301.6 d17.14
MinimumVisualStudioVersion = 10.0.40219.1
Project("{FAE04EC0-301F-11D3-BF4B-00C04F79EFBC}") = "uppgift 09", "uppgift 09\uppgift 09.csproj", "{F6E2F17A-4605-42D3-8460-44CF14C9BA6D}"
EndProject
Global
	GlobalSection(SolutionConfigurationPlatforms) = preSolution
		Debug|Any CPU = Debug|Any CPU
		Release|Any CPU = Release|Any CPU
	EndGlobalSection
	GlobalSection(ProjectConfigurationPlatforms) = postSolution
		{F6E2F17A-4605-42D3-8460-44CF14C9BA6D}.Debug|Any CPU.ActiveCfg = Debug|Any CPU
		{F6E2F17A-4605-42D3-8460-44CF14C9BA6D}.Debug|Any CPU.Build.0 = Debug|Any CPU
		{F6E2F17A-4605-42D3-8460-44CF14C9BA6D}.Release|Any CPU.ActiveCfg = Release|Any CPU
		{F6E2F17A-4605-42D3-8460-44CF14C9BA6D}.Release|Any CPU.Build.0 = Release|Any CPU
	EndGlobalSection
	GlobalSection(SolutionProperties) = preSolution
		HideSolutionNode = FALSE
	EndGlobalSection
	GlobalSection(ExtensibilityGlobals) = postSolution
		SolutionGuid = {AFDF589B-65BD-42E9-8009-7FA02DD2A5FB}
	EndGlobalSection
EndGlobal
